
Microsoft Visual Studio Solution File, Format Version 12.00
# Visual Studio Version 17
VisualStudioVersion = 17.13.35931.197 d17.13
MinimumVisualStudioVersion = 10.0.40219.1
Project("{FAE04EC0-301F-11D3-BF4B-00C04F79EFBC}") = "ObligatorioDDA", "ObligatorioDDA.csproj", "{5A44245E-0779-4B43-90A3-0C88E702C317}"
EndProject
Global
	GlobalSection(SolutionConfigurationPlatforms) = preSolution
		Debug|Any CPU = Debug|Any CPU
		Release|Any CPU = Release|Any CPU
	EndGlobalSection
	GlobalSection(ProjectConfigurationPlatforms) = postSolution
		{5A44245E-0779-4B43-90A3-0C88E702C317}.Debug|Any CPU.ActiveCfg = Debug|Any CPU
		{5A44245E-0779-4B43-90A3-0C88E702C317}.Debug|Any CPU.Build.0 = Debug|Any CPU
		{5A44245E-0779-4B43-90A3-0C88E702C317}.Release|Any CPU.ActiveCfg = Release|Any CPU
		{5A44245E-0779-4B43-90A3-0C88E702C317}.Release|Any CPU.Build.0 = Release|Any CPU
	EndGlobalSection
	GlobalSection(SolutionProperties) = preSolution
		HideSolutionNode = FALSE
	EndGlobalSection
	GlobalSection(ExtensibilityGlobals) = postSolution
		SolutionGuid = {7C457B67-3372-4A68-8B4A-A5300814BED8}
	EndGlobalSection
EndGlobal
